
Microsoft Visual Studio Solution File, Format Version 12.00
# Visual Studio Version 17
VisualStudioVersion = 17.8.34330.188
MinimumVisualStudioVersion = 10.0.40219.1
Project("{9A19103F-16F7-4668-BE54-9A1E7A4F7556}") = "JournalDB", "JournalDB\JournalDB.csproj", "{BCC6B0DA-E49E-46ED-9746-F16EB4424A36}"
EndProject
Project("{FAE04EC0-301F-11D3-BF4B-00C04F79EFBC}") = "JournalApp", "JournalApp\JournalApp.csproj", "{A9F604B9-9D33-4BF5-8EBF-6457AFDC5BF4}"
EndProject
Global
	GlobalSection(SolutionConfigurationPlatforms) = preSolution
		Debug|Any CPU = Debug|Any CPU
		Release|Any CPU = Release|Any CPU
	EndGlobalSection
	GlobalSection(ProjectConfigurationPlatforms) = postSolution
		{BCC6B0DA-E49E-46ED-9746-F16EB4424A36}.Debug|Any CPU.ActiveCfg = Debug|Any CPU
		{BCC6B0DA-E49E-46ED-9746-F16EB4424A36}.Debug|Any CPU.Build.0 = Debug|Any CPU
		{BCC6B0DA-E49E-46ED-9746-F16EB4424A36}.Release|Any CPU.ActiveCfg = Release|Any CPU
		{BCC6B0DA-E49E-46ED-9746-F16EB4424A36}.Release|Any CPU.Build.0 = Release|Any CPU
		{A9F604B9-9D33-4BF5-8EBF-6457AFDC5BF4}.Debug|Any CPU.ActiveCfg = Debug|Any CPU
		{A9F604B9-9D33-4BF5-8EBF-6457AFDC5BF4}.Debug|Any CPU.Build.0 = Debug|Any CPU
		{A9F604B9-9D33-4BF5-8EBF-6457AFDC5BF4}.Release|Any CPU.ActiveCfg = Release|Any CPU
		{A9F604B9-9D33-4BF5-8EBF-6457AFDC5BF4}.Release|Any CPU.Build.0 = Release|Any CPU
	EndGlobalSection
	GlobalSection(SolutionProperties) = preSolution
		HideSolutionNode = FALSE
	EndGlobalSection
	GlobalSection(ExtensibilityGlobals) = postSolution
		SolutionGuid = {ABF50B36-96AD-4EE6-B65D-1A3A505EA4AF}
	EndGlobalSection
EndGlobal
